
Microsoft Visual Studio Solution File, Format Version 12.00
# Visual Studio 2012
Project("{FAE04EC0-301F-11D3-BF4B-00C04F79EFBC}") = "JSApps_Exam", "JSApps_Exam\JSApps_Exam.csproj", "{BAED6093-A721-41B5-80C5-1780F46C9ED4}"
EndProject
Project("{FAE04EC0-301F-11D3-BF4B-00C04F79EFBC}") = "test", "test\test.csproj", "{1959357D-75FE-4BC9-AB09-77D2661DDB92}"
EndProject
Global
	GlobalSection(SolutionConfigurationPlatforms) = preSolution
		Debug|Any CPU = Debug|Any CPU
		Release|Any CPU = Release|Any CPU
	EndGlobalSection
	GlobalSection(ProjectConfigurationPlatforms) = postSolution
		{BAED6093-A721-41B5-80C5-1780F46C9ED4}.Debug|Any CPU.ActiveCfg = Debug|Any CPU
		{BAED6093-A721-41B5-80C5-1780F46C9ED4}.Debug|Any CPU.Build.0 = Debug|Any CPU
		{BAED6093-A721-41B5-80C5-1780F46C9ED4}.Release|Any CPU.ActiveCfg = Release|Any CPU
		{BAED6093-A721-41B5-80C5-1780F46C9ED4}.Release|Any CPU.Build.0 = Release|Any CPU
		{1959357D-75FE-4BC9-AB09-77D2661DDB92}.Debug|Any CPU.ActiveCfg = Debug|Any CPU
		{1959357D-75FE-4BC9-AB09-77D2661DDB92}.Debug|Any CPU.Build.0 = Debug|Any CPU
		{1959357D-75FE-4BC9-AB09-77D2661DDB92}.Release|Any CPU.ActiveCfg = Release|Any CPU
		{1959357D-75FE-4BC9-AB09-77D2661DDB92}.Release|Any CPU.Build.0 = Release|Any CPU
	EndGlobalSection
	GlobalSection(SolutionProperties) = preSolution
		HideSolutionNode = FALSE
	EndGlobalSection
EndGlobal
